{
  "name": "serverless-discord-bot",
  "version": "0.0.1",
  "lockfileVersion": 1,
  "requires": true,
  "dependencies": {
    "discord-interactions": {
      "version": "2.0.2",
      "resolved": "https://registry.npmjs.org/discord-interactions/-/discord-interactions-2.0.2.tgz",
      "integrity": "sha512-zKQB63xWLYbOZMyU+EcLrXnUCMuWkU8/SoH7jFvc99Y1amHqli3oPEkgoLWUmYckL+HCPuA7LXpNyXaFvoqIww==",
      "requires": {
        "tweetnacl": "^1.0.3"
      }
    },
    "tweetnacl": {
      "version": "1.0.3",
      "resolved": "https://registry.npmjs.org/tweetnacl/-/tweetnacl-1.0.3.tgz",
      "integrity": "sha512-6rt+RN7aOi1nGMyC4Xa5DdYiukl2UWCbcJft7YhxReBGQD7OAM8Pbxw6YMo4r2diNEA8FEmu32YOn9rhaiE5yw=="
    }
  }
}
